<?xml version="1.0" encoding="utf-8"?>
<Project ToolsVersion="4.0" xmlns="http://schemas.microsoft.com/developer/msbuild/2003">
  <ItemGroup>
    <ClCompile Include="Source\Animation.cpp">
      <Filter>Animation</Filter>
    </ClCompile>
    <ClCompile Include="Source\AnimationInformation.cpp">
      <Filter>Animation</Filter>
    </ClCompile>
    <ClCompile Include="Source\AnimationManager.cpp">
      <Filter>Animation</Filter>
    </ClCompile>
    <ClCompile Include="Source\Archer.cpp">
      <Filter>Entity</Filter>
    </ClCompile>
    <ClCompile Include="Source\Boss.cpp">
      <Filter>Entity</Filter>
    </ClCompile>
    <ClCompile Include="Source\Entity.cpp">
      <Filter>Entity</Filter>
    </ClCompile>
    <ClCompile Include="Source\Monster.cpp">
      <Filter>Entity</Filter>
    </ClCompile>
    <ClCompile Include="source\MonsterManager.cpp">
      <Filter>Entity</Filter>
    </ClCompile>
    <ClCompile Include="Source\Wight.cpp">
      <Filter>Entity</Filter>
    </ClCompile>
    <ClCompile Include="Source\Zombie.cpp">
      <Filter>Entity</Filter>
    </ClCompile>
    <ClCompile Include="Source\Wraight.cpp">
      <Filter>Entity</Filter>
    </ClCompile>
    <ClCompile Include="Source\EntityManager.cpp">
      <Filter>Entity</Filter>
    </ClCompile>
    <ClCompile Include="SGD Wrappers\CSGD_Direct3D.cpp">
      <Filter>Wrappers</Filter>
    </ClCompile>
    <ClCompile Include="SGD Wrappers\CSGD_DirectInput.cpp">
      <Filter>Wrappers</Filter>
    </ClCompile>
    <ClCompile Include="SGD Wrappers\CSGD_EventSystem.cpp">
      <Filter>Wrappers</Filter>
    </ClCompile>
    <ClCompile Include="SGD Wrappers\CSGD_MessageSystem.cpp">
      <Filter>Wrappers</Filter>
    </ClCompile>
    <ClCompile Include="SGD Wrappers\CSGD_TextureManager.cpp">
      <Filter>Wrappers</Filter>
    </ClCompile>
    <ClCompile Include="SGD Wrappers\CSGD_XAudio2.cpp">
      <Filter>Wrappers</Filter>
    </ClCompile>
    <ClCompile Include="Source\CXBOXController.cpp">
      <Filter>Wrappers</Filter>
    </ClCompile>
    <ClCompile Include="SGD Wrappers\SGD_Math.cpp">
      <Filter>Wrappers</Filter>
    </ClCompile>
    <ClCompile Include="TinyXML\tinystr.cpp">
      <Filter>Wrappers</Filter>
    </ClCompile>
    <ClCompile Include="TinyXML\tinyxml.cpp">
      <Filter>Wrappers</Filter>
    </ClCompile>
    <ClCompile Include="TinyXML\tinyxmlerror.cpp">
      <Filter>Wrappers</Filter>
    </ClCompile>
    <ClCompile Include="TinyXML\tinyxmlparser.cpp">
      <Filter>Wrappers</Filter>
    </ClCompile>
    <ClCompile Include="Source\ParticleEffect.cpp">
      <Filter>Particle</Filter>
    </ClCompile>
    <ClCompile Include="Source\ParticleEmitter.cpp">
      <Filter>Particle</Filter>
    </ClCompile>
    <ClCompile Include="Source\ParticleManager.cpp">
      <Filter>Particle</Filter>
    </ClCompile>
    <ClCompile Include="Source\DeleteProjectileMessage.cpp">
      <Filter>Message</Filter>
    </ClCompile>
    <ClCompile Include="Source\MessageSystem.cpp">
      <Filter>Message</Filter>
    </ClCompile>
    <ClCompile Include="source\TestMsg.cpp">
      <Filter>Message</Filter>
    </ClCompile>
    <ClCompile Include="source\EventSystem.cpp">
      <Filter>Event</Filter>
    </ClCompile>
    <ClCompile Include="Source\Frame.cpp">
      <Filter>Animation</Filter>
    </ClCompile>
    <ClCompile Include="Source\LoadGameState.cpp">
      <Filter>State</Filter>
    </ClCompile>
    <ClCompile Include="Source\MainMenuState.cpp">
      <Filter>State</Filter>
    </ClCompile>
    <ClCompile Include="Source\PlayState.cpp">
      <Filter>State</Filter>
    </ClCompile>
    <ClCompile Include="Source\IntroState.cpp">
      <Filter>State</Filter>
    </ClCompile>
    <ClCompile Include="source\Artifact.cpp">
      <Filter>Ability</Filter>
    </ClCompile>
    <ClCompile Include="source\chakram.cpp">
      <Filter>Ability</Filter>
    </ClCompile>
    <ClCompile Include="source\Projectile.cpp">
      <Filter>Ability</Filter>
    </ClCompile>
    <ClCompile Include="Source\AudioManager.cpp">
      <Filter>Audio</Filter>
    </ClCompile>
    <ClCompile Include="Source\InformationManagementState.cpp">
      <Filter>State</Filter>
    </ClCompile>
    <ClCompile Include="Source\Level.cpp">
      <Filter>Level</Filter>
    </ClCompile>
    <ClCompile Include="Source\LevelManager.cpp">
      <Filter>Level</Filter>
    </ClCompile>
    <ClCompile Include="Source\Camera.cpp">
      <Filter>Camera</Filter>
    </ClCompile>
    <ClCompile Include="Source\BitmapFont.cpp">
      <Filter>Font</Filter>
    </ClCompile>
    <ClCompile Include="Source\InputManager.cpp">
      <Filter>Input</Filter>
    </ClCompile>
    <ClCompile Include="Source\Player.cpp">
      <Filter>Entity</Filter>
    </ClCompile>
    <ClCompile Include="Source\Game.cpp">
      <Filter>Source</Filter>
    </ClCompile>
    <ClCompile Include="Source\WinMain.cpp">
      <Filter>Source</Filter>
    </ClCompile>
    <ClCompile Include="Source\DeleteEntityMessage.cpp">
      <Filter>Message</Filter>
    </ClCompile>
    <ClCompile Include="Source\Item.cpp">
      <Filter>Items</Filter>
    </ClCompile>
    <ClCompile Include="Source\ItemManager.cpp">
      <Filter>Items</Filter>
    </ClCompile>
    <ClCompile Include="Source\LevelUpMenu.cpp">
      <Filter>State</Filter>
    </ClCompile>
    <ClCompile Include="Source\CreditsState.cpp">
      <Filter>State</Filter>
    </ClCompile>
    <ClCompile Include="Source\InventoryState.cpp">
      <Filter>State</Filter>
    </ClCompile>
    <ClCompile Include="Source\SocketingState.cpp">
      <Filter>State</Filter>
    </ClCompile>
    <ClCompile Include="Source\EarthArtifact.cpp">
      <Filter>Ability</Filter>
    </ClCompile>
    <ClCompile Include="Source\ElectricArtifact.cpp">
      <Filter>Ability</Filter>
    </ClCompile>
    <ClCompile Include="Source\FireArtifact.cpp">
      <Filter>Ability</Filter>
    </ClCompile>
    <ClCompile Include="Source\Lightning.cpp">
      <Filter>Ability</Filter>
    </ClCompile>
    <ClCompile Include="Source\SnowArtifact.cpp">
      <Filter>Ability</Filter>
    </ClCompile>
    <ClCompile Include="Source\LoadLevelMsg.cpp">
      <Filter>Message</Filter>
    </ClCompile>
    <ClCompile Include="source\AddCurrencyMessage.cpp">
      <Filter>Message</Filter>
    </ClCompile>
    <ClCompile Include="Source\ShopState.cpp">
      <Filter>State</Filter>
    </ClCompile>
    <ClCompile Include="Source\PathFinder.cpp">
      <Filter>Entity</Filter>
    </ClCompile>
    <ClCompile Include="source\CreateProjectileMsg.cpp">
      <Filter>Message</Filter>
    </ClCompile>
    <ClCompile Include="Source\NPC.cpp">
      <Filter>Entity</Filter>
    </ClCompile>
    <ClCompile Include="Source\Door.cpp">
      <Filter>Entity</Filter>
    </ClCompile>
    <ClCompile Include="Source\Key.cpp">
      <Filter>Entity</Filter>
    </ClCompile>
    <ClCompile Include="Source\Power.cpp">
      <Filter>Entity</Filter>
    </ClCompile>
    <ClCompile Include="Source\RemoveKeyMessage.cpp">
      <Filter>Message</Filter>
    </ClCompile>
    <ClCompile Include="source\AddEntityToManager.cpp">
      <Filter>Message</Filter>
    </ClCompile>
    <ClCompile Include="Source\AddKeyMessage.cpp">
      <Filter>Message</Filter>
    </ClCompile>
    <ClCompile Include="Source\AddShardMessage.cpp">
      <Filter>Message</Filter>
    </ClCompile>
    <ClCompile Include="source\CreateTripleShootMsg.cpp">
      <Filter>Message</Filter>
    </ClCompile>
    <ClCompile Include="Source\RemoveShardMessage.cpp">
      <Filter>Message</Filter>
    </ClCompile>
    <ClCompile Include="source\AddItemMsg.cpp">
      <Filter>Message</Filter>
    </ClCompile>
    <ClCompile Include="source\PickUp.cpp">
      <Filter>Entity</Filter>
    </ClCompile>
    <ClCompile Include="Source\Shard.cpp">
      <Filter>Entity</Filter>
    </ClCompile>
  </ItemGroup>
  <ItemGroup>
    <ClInclude Include="Source\Animation.h">
      <Filter>Animation</Filter>
    </ClInclude>
    <ClInclude Include="Source\AnimationInformation.h">
      <Filter>Animation</Filter>
    </ClInclude>
    <ClInclude Include="Source\AnimationManager.h">
      <Filter>Animation</Filter>
    </ClInclude>
    <ClInclude Include="Source\Archer.h">
      <Filter>Entity</Filter>
    </ClInclude>
    <ClInclude Include="Source\Boss.h">
      <Filter>Entity</Filter>
    </ClInclude>
    <ClInclude Include="Source\Entity.h">
      <Filter>Entity</Filter>
    </ClInclude>
    <ClInclude Include="Source\IEntity.h">
      <Filter>Entity</Filter>
    </ClInclude>
    <ClInclude Include="Source\Monster.h">
      <Filter>Entity</Filter>
    </ClInclude>
    <ClInclude Include="source\MonsterManager.h">
      <Filter>Entity</Filter>
    </ClInclude>
    <ClInclude Include="Source\Wight.h">
      <Filter>Entity</Filter>
    </ClInclude>
    <ClInclude Include="Source\Wraight.h">
      <Filter>Entity</Filter>
    </ClInclude>
    <ClInclude Include="Source\Zombie.h">
      <Filter>Entity</Filter>
    </ClInclude>
    <ClInclude Include="Source\EntityManager.h">
      <Filter>Entity</Filter>
    </ClInclude>
    <ClInclude Include="SGD Wrappers\CSGD_Direct3D.h">
      <Filter>Wrappers</Filter>
    </ClInclude>
    <ClInclude Include="SGD Wrappers\CSGD_DirectInput.h">
      <Filter>Wrappers</Filter>
    </ClInclude>
    <ClInclude Include="SGD Wrappers\CSGD_EventSystem.h">
      <Filter>Wrappers</Filter>
    </ClInclude>
    <ClInclude Include="SGD Wrappers\CSGD_MessageSystem.h">
      <Filter>Wrappers</Filter>
    </ClInclude>
    <ClInclude Include="SGD Wrappers\CSGD_TextureManager.h">
      <Filter>Wrappers</Filter>
    </ClInclude>
    <ClInclude Include="SGD Wrappers\CSGD_XAudio2.h">
      <Filter>Wrappers</Filter>
    </ClInclude>
    <ClInclude Include="Source\CXBOXController.h">
      <Filter>Wrappers</Filter>
    </ClInclude>
    <ClInclude Include="SGD Wrappers\SGD_Math.h">
      <Filter>Wrappers</Filter>
    </ClInclude>
    <ClInclude Include="SGD Wrappers\SGD_String.h">
      <Filter>Wrappers</Filter>
    </ClInclude>
    <ClInclude Include="SGD Wrappers\SGD_Util.h">
      <Filter>Wrappers</Filter>
    </ClInclude>
    <ClInclude Include="TinyXML\tinystr.h">
      <Filter>Wrappers</Filter>
    </ClInclude>
    <ClInclude Include="TinyXML\tinyxml.h">
      <Filter>Wrappers</Filter>
    </ClInclude>
    <ClInclude Include="Source\ParticleEffect.h">
      <Filter>Particle</Filter>
    </ClInclude>
    <ClInclude Include="Source\ParticleEmitter.h">
      <Filter>Particle</Filter>
    </ClInclude>
    <ClInclude Include="Source\ParticleManager.h">
      <Filter>Particle</Filter>
    </ClInclude>
    <ClInclude Include="Source\DeleteProjectileMessage.h">
      <Filter>Message</Filter>
    </ClInclude>
    <ClInclude Include="SGD Wrappers\IMessage.h">
      <Filter>Message</Filter>
    </ClInclude>
    <ClInclude Include="source\Message.h">
      <Filter>Message</Filter>
    </ClInclude>
    <ClInclude Include="Source\MessageSystem.h">
      <Filter>Message</Filter>
    </ClInclude>
    <ClInclude Include="source\TestMsg.h">
      <Filter>Message</Filter>
    </ClInclude>
    <ClInclude Include="SGD Wrappers\CEvent.h">
      <Filter>Event</Filter>
    </ClInclude>
    <ClInclude Include="SGD Wrappers\IListener.h">
      <Filter>Event</Filter>
    </ClInclude>
    <ClInclude Include="source\EventSystem.h">
      <Filter>Event</Filter>
    </ClInclude>
    <ClInclude Include="Source\Frame.h">
      <Filter>Animation</Filter>
    </ClInclude>
    <ClInclude Include="Source\LoadGameState.h">
      <Filter>State</Filter>
    </ClInclude>
    <ClInclude Include="Source\MainMenuState.h">
      <Filter>State</Filter>
    </ClInclude>
    <ClInclude Include="Source\PlayState.h">
      <Filter>State</Filter>
    </ClInclude>
    <ClInclude Include="Source\IntroState.h">
      <Filter>State</Filter>
    </ClInclude>
    <ClInclude Include="source\Artifact.h">
      <Filter>Ability</Filter>
    </ClInclude>
    <ClInclude Include="source\chakram.h">
      <Filter>Ability</Filter>
    </ClInclude>
    <ClInclude Include="source\Projectile.h">
      <Filter>Ability</Filter>
    </ClInclude>
    <ClInclude Include="Source\AudioManager.h">
      <Filter>Audio</Filter>
    </ClInclude>
    <ClInclude Include="Source\IGameState.h">
      <Filter>State</Filter>
    </ClInclude>
    <ClInclude Include="Source\InformationManagementState.h">
      <Filter>State</Filter>
    </ClInclude>
    <ClInclude Include="Source\Level.h">
      <Filter>Level</Filter>
    </ClInclude>
    <ClInclude Include="Source\LevelManager.h">
      <Filter>Level</Filter>
    </ClInclude>
    <ClInclude Include="Source\Tile.h">
      <Filter>Level</Filter>
    </ClInclude>
    <ClInclude Include="Source\Camera.h">
      <Filter>Camera</Filter>
    </ClInclude>
    <ClInclude Include="Source\BitmapFont.h">
      <Filter>Font</Filter>
    </ClInclude>
    <ClInclude Include="Source\InputManager.h">
      <Filter>Input</Filter>
    </ClInclude>
    <ClInclude Include="Source\Player.h">
      <Filter>Entity</Filter>
    </ClInclude>
    <ClInclude Include="Source\Game.h">
      <Filter>Header</Filter>
    </ClInclude>
    <ClInclude Include="Source\DeleteEntityMessage.h">
      <Filter>Message</Filter>
    </ClInclude>
    <ClInclude Include="Source\ItemManager.h">
      <Filter>Items</Filter>
    </ClInclude>
    <ClInclude Include="Source\Item.h">
      <Filter>Items</Filter>
    </ClInclude>
    <ClInclude Include="Source\LevelUpMenu.h">
      <Filter>State</Filter>
    </ClInclude>
    <ClInclude Include="Source\CreditsState.h">
      <Filter>State</Filter>
    </ClInclude>
    <ClInclude Include="Source\InventoryState.h">
      <Filter>State</Filter>
    </ClInclude>
    <ClInclude Include="Source\SocketingState.h">
      <Filter>State</Filter>
    </ClInclude>
    <ClInclude Include="Source\EarthArtifact.h">
      <Filter>Ability</Filter>
    </ClInclude>
    <ClInclude Include="Source\ElectricArtifact.h">
      <Filter>Ability</Filter>
    </ClInclude>
    <ClInclude Include="Source\FireArtifact.h">
      <Filter>Ability</Filter>
    </ClInclude>
    <ClInclude Include="Source\Lightning.h">
      <Filter>Ability</Filter>
    </ClInclude>
    <ClInclude Include="Source\SnowArtifact.h">
      <Filter>Ability</Filter>
    </ClInclude>
    <ClInclude Include="Source\LoadLevelMsg.h">
      <Filter>Message</Filter>
    </ClInclude>
    <ClInclude Include="source\AddCurrencyMessage.h">
      <Filter>Message</Filter>
    </ClInclude>
    <ClInclude Include="Source\ShopState.h">
      <Filter>State</Filter>
    </ClInclude>
    <ClInclude Include="Source\PathFinder.h">
      <Filter>Entity</Filter>
    </ClInclude>
    <ClInclude Include="source\CreateProjectileMsg.h">
      <Filter>Message</Filter>
    </ClInclude>
    <ClInclude Include="RapidXML\rapidxml.hpp">
      <Filter>RapidXML</Filter>
    </ClInclude>
    <ClInclude Include="RapidXML\rapidxml_iterators.hpp">
      <Filter>RapidXML</Filter>
    </ClInclude>
    <ClInclude Include="RapidXML\rapidxml_print.hpp">
      <Filter>RapidXML</Filter>
    </ClInclude>
    <ClInclude Include="RapidXML\rapidxml_utils.hpp">
      <Filter>RapidXML</Filter>
    </ClInclude>
    <ClInclude Include="Source\NPC.h">
      <Filter>Entity</Filter>
    </ClInclude>
    <ClInclude Include="Source\Door.h">
      <Filter>Entity</Filter>
    </ClInclude>
    <ClInclude Include="Source\Key.h">
      <Filter>Entity</Filter>
    </ClInclude>
    <ClInclude Include="Source\Power.h">
      <Filter>Entity</Filter>
    </ClInclude>
    <ClInclude Include="Source\RemoveKeyMessage.h">
      <Filter>Message</Filter>
    </ClInclude>
    <ClInclude Include="source\AddEntityToManager.h">
      <Filter>Message</Filter>
    </ClInclude>
    <ClInclude Include="Source\AddKeyMessage.h">
      <Filter>Message</Filter>
    </ClInclude>
    <ClInclude Include="Source\AddShardMessage.h">
      <Filter>Message</Filter>
    </ClInclude>
    <ClInclude Include="source\CreateTripleShootMsg.h">
      <Filter>Message</Filter>
    </ClInclude>
    <ClInclude Include="Source\RemoveShardMessage.h">
      <Filter>Message</Filter>
    </ClInclude>
    <ClInclude Include="source\AddItemMsg.h">
      <Filter>Message</Filter>
    </ClInclude>
    <ClInclude Include="Source\Shard.h">
      <Filter>Entity</Filter>
    </ClInclude>
    <ClInclude Include="source\PickUp.h">
      <Filter>Entity</Filter>
    </ClInclude>
    <ClInclude Include="Source\MapSaveData.h">
      <Filter>Level</Filter>
    </ClInclude>
    <ClInclude Include="resource.h">
      <Filter>Resource</Filter>
    </ClInclude>
  </ItemGroup>
  <ItemGroup>
    <Filter Include="Animation">
      <UniqueIdentifier>{d5339335-3968-4cc9-a2d8-e0387551dadd}</UniqueIdentifier>
    </Filter>
    <Filter Include="Wrappers">
      <UniqueIdentifier>{73d5e5fb-dc0e-4f32-a9f1-34fb5b93e126}</UniqueIdentifier>
    </Filter>
    <Filter Include="Particle">
      <UniqueIdentifier>{be971d87-e751-49c2-8d74-409651762126}</UniqueIdentifier>
    </Filter>
    <Filter Include="Entity">
      <UniqueIdentifier>{e5711177-d546-47d9-8db1-445136e6be11}</UniqueIdentifier>
    </Filter>
    <Filter Include="State">
      <UniqueIdentifier>{6c2da9be-fbd2-4fd4-ae3f-bae7ff07b0c3}</UniqueIdentifier>
    </Filter>
    <Filter Include="Event">
      <UniqueIdentifier>{e95b7fe1-aba9-4edd-ba54-edb17f8bea0e}</UniqueIdentifier>
    </Filter>
    <Filter Include="Message">
      <UniqueIdentifier>{b09d2512-db41-4e0d-8c9d-ac00884b66c2}</UniqueIdentifier>
    </Filter>
    <Filter Include="Ability">
      <UniqueIdentifier>{529a6ec9-b710-4b55-9095-c6dee25324b4}</UniqueIdentifier>
    </Filter>
    <Filter Include="Level">
      <UniqueIdentifier>{46939d4c-28ac-4f6a-b6f0-09155333691a}</UniqueIdentifier>
    </Filter>
    <Filter Include="Audio">
      <UniqueIdentifier>{b4cd49e9-b6b6-475d-93ea-756bea3fec2d}</UniqueIdentifier>
    </Filter>
    <Filter Include="Input">
      <UniqueIdentifier>{58b9ef8d-cfe8-48c4-badf-3857a1a319ac}</UniqueIdentifier>
    </Filter>
    <Filter Include="Camera">
      <UniqueIdentifier>{ade56fc8-6a9e-43bd-87bb-9549684290fe}</UniqueIdentifier>
    </Filter>
    <Filter Include="Font">
      <UniqueIdentifier>{d67b5f1e-d1c4-4c73-952f-aa67223a2720}</UniqueIdentifier>
    </Filter>
    <Filter Include="Source">
      <UniqueIdentifier>{4effc904-e748-4ef8-8898-2bbe78f32819}</UniqueIdentifier>
    </Filter>
    <Filter Include="Header">
      <UniqueIdentifier>{33db4b15-b67b-46c8-9d66-29bedf4fa4f5}</UniqueIdentifier>
    </Filter>
    <Filter Include="Items">
      <UniqueIdentifier>{45dcaf77-8335-44f6-a866-f3a6431afbd4}</UniqueIdentifier>
    </Filter>
    <Filter Include="RapidXML">
      <UniqueIdentifier>{48340b92-95df-44fa-bdac-e408ae53357e}</UniqueIdentifier>
    </Filter>
    <Filter Include="Resource">
      <UniqueIdentifier>{d6d1eebf-c456-4282-8057-66477d58407b}</UniqueIdentifier>
    </Filter>
  </ItemGroup>
  <ItemGroup>
    <ResourceCompile Include="tessara.rc">
      <Filter>Resource</Filter>
    </ResourceCompile>
  </ItemGroup>
</Project>